// !$*UTF8*$!
{
	archiveVersion = 1;
	classes = {
	};
	objectVersion = 50;
	objects = {

/* Begin PBXBuildFile section */
		841BF4C12298203400AC38A1 /* Demo2ViewController.swift in Sources */ = {isa = PBXBuildFile; fileRef = 841BF4C02298203400AC38A1 /* Demo2ViewController.swift */; };
		841BF4C3229820DE00AC38A1 /* Demo3ViewController.swift in Sources */ = {isa = PBXBuildFile; fileRef = 841BF4C2229820DE00AC38A1 /* Demo3ViewController.swift */; };
		841BF4C52298211100AC38A1 /* Demo4ViewController.swift in Sources */ = {isa = PBXBuildFile; fileRef = 841BF4C42298211100AC38A1 /* Demo4ViewController.swift */; };
		845AF2BC2291AB17005C3A95 /* CVConstraintDSL.swift in Sources */ = {isa = PBXBuildFile; fileRef = 845AF2BB2291AB17005C3A95 /* CVConstraintDSL.swift */; };
		845AF2BE22942FAB005C3A95 /* Demo1ViewController.swift in Sources */ = {isa = PBXBuildFile; fileRef = 845AF2BD22942FAB005C3A95 /* Demo1ViewController.swift */; };
		849568052281B1E300D46A6C /* AppDelegate.swift in Sources */ = {isa = PBXBuildFile; fileRef = 849568042281B1E300D46A6C /* AppDelegate.swift */; };
		849568072281B1E300D46A6C /* ViewController.swift in Sources */ = {isa = PBXBuildFile; fileRef = 849568062281B1E300D46A6C /* ViewController.swift */; };
		8495680A2281B1E300D46A6C /* Main.storyboard in Resources */ = {isa = PBXBuildFile; fileRef = 849568082281B1E300D46A6C /* Main.storyboard */; };
		8495680C2281B1E300D46A6C /* Assets.xcassets in Resources */ = {isa = PBXBuildFile; fileRef = 8495680B2281B1E300D46A6C /* Assets.xcassets */; };
		8495680F2281B1E300D46A6C /* LaunchScreen.storyboard in Resources */ = {isa = PBXBuildFile; fileRef = 8495680D2281B1E300D46A6C /* LaunchScreen.storyboard */; };
		849568182281B4AC00D46A6C /* CVConstraintItem.swift in Sources */ = {isa = PBXBuildFile; fileRef = 849568172281B4AC00D46A6C /* CVConstraintItem.swift */; };
		8495681D2281B9D100D46A6C /* CVConstraintMaker.swift in Sources */ = {isa = PBXBuildFile; fileRef = 8495681C2281B9D100D46A6C /* CVConstraintMaker.swift */; };
		8495681F2281B9DC00D46A6C /* CVConstraint.swift in Sources */ = {isa = PBXBuildFile; fileRef = 8495681E2281B9DC00D46A6C /* CVConstraint.swift */; };
		849568212281BF6300D46A6C /* CVLayout.Attribute.swift in Sources */ = {isa = PBXBuildFile; fileRef = 849568202281BF6300D46A6C /* CVLayout.Attribute.swift */; };
		849568232281C5DF00D46A6C /* CVConstraintAttribute.swift in Sources */ = {isa = PBXBuildFile; fileRef = 849568222281C5DF00D46A6C /* CVConstraintAttribute.swift */; };
		849568252281C9C100D46A6C /* CVRelatableTarget.swift in Sources */ = {isa = PBXBuildFile; fileRef = 849568242281C9C100D46A6C /* CVRelatableTarget.swift */; };
		849568272281CEE700D46A6C /* CVMultiplierTarget.swift in Sources */ = {isa = PBXBuildFile; fileRef = 849568262281CEE700D46A6C /* CVMultiplierTarget.swift */; };
		8495682C2286FF7C00D46A6C /* CVConstraintView.swift in Sources */ = {isa = PBXBuildFile; fileRef = 8495682B2286FF7C00D46A6C /* CVConstraintView.swift */; };
		8495682E2287001B00D46A6C /* CVLayoutConstraintItem.swift in Sources */ = {isa = PBXBuildFile; fileRef = 8495682D2287001B00D46A6C /* CVLayoutConstraintItem.swift */; };
		8495683122871EAB00D46A6C /* CVLayout.Relation.swift in Sources */ = {isa = PBXBuildFile; fileRef = 8495683022871EAA00D46A6C /* CVLayout.Relation.swift */; };
		8495683522872E7C00D46A6C /* CVConstantTarget.swift in Sources */ = {isa = PBXBuildFile; fileRef = 8495683422872E7C00D46A6C /* CVConstantTarget.swift */; };
		849568372287B59500D46A6C /* CVLayout.swift in Sources */ = {isa = PBXBuildFile; fileRef = 849568362287B59500D46A6C /* CVLayout.swift */; };
		84956839228862FE00D46A6C /* CVOffsetTarget.swift in Sources */ = {isa = PBXBuildFile; fileRef = 84956838228862FE00D46A6C /* CVOffsetTarget.swift */; };
		8495683B2288647E00D46A6C /* CVInsetTarget.swift in Sources */ = {isa = PBXBuildFile; fileRef = 8495683A2288647E00D46A6C /* CVInsetTarget.swift */; };
		8495683D2288683200D46A6C /* CVConstraintPriority.swift in Sources */ = {isa = PBXBuildFile; fileRef = 8495683C2288683200D46A6C /* CVConstraintPriority.swift */; };
		8495687F22903F2800D46A6C /* CVConstraintViewDSL.swift in Sources */ = {isa = PBXBuildFile; fileRef = 8495687E22903F2800D46A6C /* CVConstraintViewDSL.swift */; };
		8495688322905B0F00D46A6C /* CVConstraintMakerRelatable.swift in Sources */ = {isa = PBXBuildFile; fileRef = 8495688222905B0F00D46A6C /* CVConstraintMakerRelatable.swift */; };
		849568872290F74300D46A6C /* CVConstraintRelatableTarget.swift in Sources */ = {isa = PBXBuildFile; fileRef = 849568862290F74300D46A6C /* CVConstraintRelatableTarget.swift */; };
		8495688A2290F8B800D46A6C /* CVConstraintMakerEditable.swift in Sources */ = {isa = PBXBuildFile; fileRef = 849568892290F8B800D46A6C /* CVConstraintMakerEditable.swift */; };
		8495688D229139AA00D46A6C /* CVConstraintMakerAttribute.swift in Sources */ = {isa = PBXBuildFile; fileRef = 8495688C229139AA00D46A6C /* CVConstraintMakerAttribute.swift */; };
		8495688F2291587D00D46A6C /* CVConstraintDescription.swift in Sources */ = {isa = PBXBuildFile; fileRef = 8495688E2291587D00D46A6C /* CVConstraintDescription.swift */; };
/* End PBXBuildFile section */

/* Begin PBXFileReference section */
		841BF4C02298203400AC38A1 /* Demo2ViewController.swift */ = {isa = PBXFileReference; lastKnownFileType = sourcecode.swift; path = Demo2ViewController.swift; sourceTree = "<group>"; };
		841BF4C2229820DE00AC38A1 /* Demo3ViewController.swift */ = {isa = PBXFileReference; lastKnownFileType = sourcecode.swift; path = Demo3ViewController.swift; sourceTree = "<group>"; };
		841BF4C42298211100AC38A1 /* Demo4ViewController.swift */ = {isa = PBXFileReference; lastKnownFileType = sourcecode.swift; path = Demo4ViewController.swift; sourceTree = "<group>"; };
		845AF2BB2291AB17005C3A95 /* CVConstraintDSL.swift */ = {isa = PBXFileReference; lastKnownFileType = sourcecode.swift; path = CVConstraintDSL.swift; sourceTree = "<group>"; };
		845AF2BD22942FAB005C3A95 /* Demo1ViewController.swift */ = {isa = PBXFileReference; lastKnownFileType = sourcecode.swift; path = Demo1ViewController.swift; sourceTree = "<group>"; };
		849568012281B1E300D46A6C /* CVLayout.app */ = {isa = PBXFileReference; explicitFileType = wrapper.application; includeInIndex = 0; path = CVLayout.app; sourceTree = BUILT_PRODUCTS_DIR; };
		849568042281B1E300D46A6C /* AppDelegate.swift */ = {isa = PBXFileReference; lastKnownFileType = sourcecode.swift; path = AppDelegate.swift; sourceTree = "<group>"; };
		849568062281B1E300D46A6C /* ViewController.swift */ = {isa = PBXFileReference; lastKnownFileType = sourcecode.swift; path = ViewController.swift; sourceTree = "<group>"; };
		849568092281B1E300D46A6C /* Base */ = {isa = PBXFileReference; lastKnownFileType = file.storyboard; name = Base; path = Base.lproj/Main.storyboard; sourceTree = "<group>"; };
		8495680B2281B1E300D46A6C /* Assets.xcassets */ = {isa = PBXFileReference; lastKnownFileType = folder.assetcatalog; path = Assets.xcassets; sourceTree = "<group>"; };
		8495680E2281B1E300D46A6C /* Base */ = {isa = PBXFileReference; lastKnownFileType = file.storyboard; name = Base; path = Base.lproj/LaunchScreen.storyboard; sourceTree = "<group>"; };
		849568102281B1E300D46A6C /* Info.plist */ = {isa = PBXFileReference; lastKnownFileType = text.plist.xml; path = Info.plist; sourceTree = "<group>"; };
		849568172281B4AC00D46A6C /* CVConstraintItem.swift */ = {isa = PBXFileReference; lastKnownFileType = sourcecode.swift; path = CVConstraintItem.swift; sourceTree = "<group>"; };
		8495681C2281B9D100D46A6C /* CVConstraintMaker.swift */ = {isa = PBXFileReference; lastKnownFileType = sourcecode.swift; path = CVConstraintMaker.swift; sourceTree = "<group>"; };
		8495681E2281B9DC00D46A6C /* CVConstraint.swift */ = {isa = PBXFileReference; lastKnownFileType = sourcecode.swift; path = CVConstraint.swift; sourceTree = "<group>"; };
		849568202281BF6300D46A6C /* CVLayout.Attribute.swift */ = {isa = PBXFileReference; lastKnownFileType = sourcecode.swift; path = CVLayout.Attribute.swift; sourceTree = "<group>"; };
		849568222281C5DF00D46A6C /* CVConstraintAttribute.swift */ = {isa = PBXFileReference; lastKnownFileType = sourcecode.swift; path = CVConstraintAttribute.swift; sourceTree = "<group>"; };
		849568242281C9C100D46A6C /* CVRelatableTarget.swift */ = {isa = PBXFileReference; lastKnownFileType = sourcecode.swift; path = CVRelatableTarget.swift; sourceTree = "<group>"; };
		849568262281CEE700D46A6C /* CVMultiplierTarget.swift */ = {isa = PBXFileReference; lastKnownFileType = sourcecode.swift; path = CVMultiplierTarget.swift; sourceTree = "<group>"; };
		8495682B2286FF7C00D46A6C /* CVConstraintView.swift */ = {isa = PBXFileReference; lastKnownFileType = sourcecode.swift; path = CVConstraintView.swift; sourceTree = "<group>"; };
		8495682D2287001B00D46A6C /* CVLayoutConstraintItem.swift */ = {isa = PBXFileReference; lastKnownFileType = sourcecode.swift; path = CVLayoutConstraintItem.swift; sourceTree = "<group>"; };
		8495683022871EAA00D46A6C /* CVLayout.Relation.swift */ = {isa = PBXFileReference; lastKnownFileType = sourcecode.swift; path = CVLayout.Relation.swift; sourceTree = "<group>"; };
		8495683422872E7C00D46A6C /* CVConstantTarget.swift */ = {isa = PBXFileReference; lastKnownFileType = sourcecode.swift; path = CVConstantTarget.swift; sourceTree = "<group>"; };
		849568362287B59500D46A6C /* CVLayout.swift */ = {isa = PBXFileReference; lastKnownFileType = sourcecode.swift; path = CVLayout.swift; sourceTree = "<group>"; };
		84956838228862FE00D46A6C /* CVOffsetTarget.swift */ = {isa = PBXFileReference; lastKnownFileType = sourcecode.swift; path = CVOffsetTarget.swift; sourceTree = "<group>"; };
		8495683A2288647E00D46A6C /* CVInsetTarget.swift */ = {isa = PBXFileReference; lastKnownFileType = sourcecode.swift; path = CVInsetTarget.swift; sourceTree = "<group>"; };
		8495683C2288683200D46A6C /* CVConstraintPriority.swift */ = {isa = PBXFileReference; lastKnownFileType = sourcecode.swift; path = CVConstraintPriority.swift; sourceTree = "<group>"; };
		8495687E22903F2800D46A6C /* CVConstraintViewDSL.swift */ = {isa = PBXFileReference; lastKnownFileType = sourcecode.swift; path = CVConstraintViewDSL.swift; sourceTree = "<group>"; };
		8495688222905B0F00D46A6C /* CVConstraintMakerRelatable.swift */ = {isa = PBXFileReference; lastKnownFileType = sourcecode.swift; path = CVConstraintMakerRelatable.swift; sourceTree = "<group>"; };
		849568862290F74300D46A6C /* CVConstraintRelatableTarget.swift */ = {isa = PBXFileReference; lastKnownFileType = sourcecode.swift; path = CVConstraintRelatableTarget.swift; sourceTree = "<group>"; };
		849568892290F8B800D46A6C /* CVConstraintMakerEditable.swift */ = {isa = PBXFileReference; lastKnownFileType = sourcecode.swift; path = CVConstraintMakerEditable.swift; sourceTree = "<group>"; };
		8495688C229139AA00D46A6C /* CVConstraintMakerAttribute.swift */ = {isa = PBXFileReference; lastKnownFileType = sourcecode.swift; path = CVConstraintMakerAttribute.swift; sourceTree = "<group>"; };
		8495688E2291587D00D46A6C /* CVConstraintDescription.swift */ = {isa = PBXFileReference; lastKnownFileType = sourcecode.swift; path = CVConstraintDescription.swift; sourceTree = "<group>"; };
/* End PBXFileReference section */

/* Begin PBXFrameworksBuildPhase section */
		849567FE2281B1E200D46A6C /* Frameworks */ = {
			isa = PBXFrameworksBuildPhase;
			buildActionMask = 2147483647;
			files = (
			);
			runOnlyForDeploymentPostprocessing = 0;
		};
/* End PBXFrameworksBuildPhase section */

/* Begin PBXGroup section */
		849567F82281B1E200D46A6C = {
			isa = PBXGroup;
			children = (
				849568032281B1E300D46A6C /* CVLayout */,
				849568022281B1E300D46A6C /* Products */,
			);
			sourceTree = "<group>";
		};
		849568022281B1E300D46A6C /* Products */ = {
			isa = PBXGroup;
			children = (
				849568012281B1E300D46A6C /* CVLayout.app */,
			);
			name = Products;
			sourceTree = "<group>";
		};
		849568032281B1E300D46A6C /* CVLayout */ = {
			isa = PBXGroup;
			children = (
				849568162281B47900D46A6C /* Core */,
				849568042281B1E300D46A6C /* AppDelegate.swift */,
				849568062281B1E300D46A6C /* ViewController.swift */,
				845AF2BD22942FAB005C3A95 /* Demo1ViewController.swift */,
				841BF4C02298203400AC38A1 /* Demo2ViewController.swift */,
				841BF4C2229820DE00AC38A1 /* Demo3ViewController.swift */,
				841BF4C42298211100AC38A1 /* Demo4ViewController.swift */,
				849568082281B1E300D46A6C /* Main.storyboard */,
				8495680B2281B1E300D46A6C /* Assets.xcassets */,
				8495680D2281B1E300D46A6C /* LaunchScreen.storyboard */,
				849568102281B1E300D46A6C /* Info.plist */,
			);
			path = CVLayout;
			sourceTree = "<group>";
		};
		849568162281B47900D46A6C /* Core */ = {
			isa = PBXGroup;
			children = (
				8495682F2287008300D46A6C /* CVLayout */,
				849568282281CFF500D46A6C /* Convertible */,
				849568882290F78800D46A6C /* ConstraintMaker */,
				8495688B2290FC5000D46A6C /* Constraint */,
				8495683C2288683200D46A6C /* CVConstraintPriority.swift */,
				8495682B2286FF7C00D46A6C /* CVConstraintView.swift */,
				8495682D2287001B00D46A6C /* CVLayoutConstraintItem.swift */,
				8495687E22903F2800D46A6C /* CVConstraintViewDSL.swift */,
				845AF2BB2291AB17005C3A95 /* CVConstraintDSL.swift */,
			);
			path = Core;
			sourceTree = "<group>";
		};
		849568282281CFF500D46A6C /* Convertible */ = {
			isa = PBXGroup;
			children = (
				849568262281CEE700D46A6C /* CVMultiplierTarget.swift */,
				849568242281C9C100D46A6C /* CVRelatableTarget.swift */,
				8495683422872E7C00D46A6C /* CVConstantTarget.swift */,
				84956838228862FE00D46A6C /* CVOffsetTarget.swift */,
				8495683A2288647E00D46A6C /* CVInsetTarget.swift */,
			);
			path = Convertible;
			sourceTree = "<group>";
		};
		8495682F2287008300D46A6C /* CVLayout */ = {
			isa = PBXGroup;
			children = (
				849568362287B59500D46A6C /* CVLayout.swift */,
				849568202281BF6300D46A6C /* CVLayout.Attribute.swift */,
				8495683022871EAA00D46A6C /* CVLayout.Relation.swift */,
			);
			path = CVLayout;
			sourceTree = "<group>";
		};
		849568882290F78800D46A6C /* ConstraintMaker */ = {
			isa = PBXGroup;
			children = (
				8495681C2281B9D100D46A6C /* CVConstraintMaker.swift */,
				8495688C229139AA00D46A6C /* CVConstraintMakerAttribute.swift */,
				8495688222905B0F00D46A6C /* CVConstraintMakerRelatable.swift */,
				849568862290F74300D46A6C /* CVConstraintRelatableTarget.swift */,
				849568892290F8B800D46A6C /* CVConstraintMakerEditable.swift */,
				8495688E2291587D00D46A6C /* CVConstraintDescription.swift */,
			);
			path = ConstraintMaker;
			sourceTree = "<group>";
		};
		8495688B2290FC5000D46A6C /* Constraint */ = {
			isa = PBXGroup;
			children = (
				8495681E2281B9DC00D46A6C /* CVConstraint.swift */,
				849568222281C5DF00D46A6C /* CVConstraintAttribute.swift */,
				849568172281B4AC00D46A6C /* CVConstraintItem.swift */,
			);
			path = Constraint;
			sourceTree = "<group>";
		};
/* End PBXGroup section */

/* Begin PBXNativeTarget section */
		849568002281B1E200D46A6C /* CVLayout */ = {
			isa = PBXNativeTarget;
			buildConfigurationList = 849568132281B1E300D46A6C /* Build configuration list for PBXNativeTarget "CVLayout" */;
			buildPhases = (
				849567FD2281B1E200D46A6C /* Sources */,
				849567FE2281B1E200D46A6C /* Frameworks */,
				849567FF2281B1E200D46A6C /* Resources */,
			);
			buildRules = (
			);
			dependencies = (
			);
			name = CVLayout;
			productName = CVLayout;
			productReference = 849568012281B1E300D46A6C /* CVLayout.app */;
			productType = "com.apple.product-type.application";
		};
/* End PBXNativeTarget section */

/* Begin PBXProject section */
		849567F92281B1E200D46A6C /* Project object */ = {
			isa = PBXProject;
			attributes = {
				LastSwiftUpdateCheck = 1020;
				LastUpgradeCheck = 1020;
				ORGANIZATIONNAME = caventwy;
				TargetAttributes = {
					849568002281B1E200D46A6C = {
						CreatedOnToolsVersion = 10.2;
						LastSwiftMigration = 1020;
					};
				};
			};
			buildConfigurationList = 849567FC2281B1E200D46A6C /* Build configuration list for PBXProject "CVLayout" */;
			compatibilityVersion = "Xcode 9.3";
			developmentRegion = en;
			hasScannedForEncodings = 0;
			knownRegions = (
				en,
				Base,
			);
			mainGroup = 849567F82281B1E200D46A6C;
			productRefGroup = 849568022281B1E300D46A6C /* Products */;
			projectDirPath = "";
			projectRoot = "";
			targets = (
				849568002281B1E200D46A6C /* CVLayout */,
			);
		};
/* End PBXProject section */

/* Begin PBXResourcesBuildPhase section */
		849567FF2281B1E200D46A6C /* Resources */ = {
			isa = PBXResourcesBuildPhase;
			buildActionMask = 2147483647;
			files = (
				8495680F2281B1E300D46A6C /* LaunchScreen.storyboard in Resources */,
				8495680C2281B1E300D46A6C /* Assets.xcassets in Resources */,
				8495680A2281B1E300D46A6C /* Main.storyboard in Resources */,
			);
			runOnlyForDeploymentPostprocessing = 0;
		};
/* End PBXResourcesBuildPhase section */

/* Begin PBXSourcesBuildPhase section */
		849567FD2281B1E200D46A6C /* Sources */ = {
			isa = PBXSourcesBuildPhase;
			buildActionMask = 2147483647;
			files = (
				8495688322905B0F00D46A6C /* CVConstraintMakerRelatable.swift in Sources */,
				849568232281C5DF00D46A6C /* CVConstraintAttribute.swift in Sources */,
				8495688D229139AA00D46A6C /* CVConstraintMakerAttribute.swift in Sources */,
				849568212281BF6300D46A6C /* CVLayout.Attribute.swift in Sources */,
				849568872290F74300D46A6C /* CVConstraintRelatableTarget.swift in Sources */,
				849568252281C9C100D46A6C /* CVRelatableTarget.swift in Sources */,
				845AF2BE22942FAB005C3A95 /* Demo1ViewController.swift in Sources */,
				849568182281B4AC00D46A6C /* CVConstraintItem.swift in Sources */,
				8495681F2281B9DC00D46A6C /* CVConstraint.swift in Sources */,
				8495688F2291587D00D46A6C /* CVConstraintDescription.swift in Sources */,
				845AF2BC2291AB17005C3A95 /* CVConstraintDSL.swift in Sources */,
				8495682E2287001B00D46A6C /* CVLayoutConstraintItem.swift in Sources */,
				84956839228862FE00D46A6C /* CVOffsetTarget.swift in Sources */,
				849568072281B1E300D46A6C /* ViewController.swift in Sources */,
				8495683122871EAB00D46A6C /* CVLayout.Relation.swift in Sources */,
				849568052281B1E300D46A6C /* AppDelegate.swift in Sources */,
				841BF4C52298211100AC38A1 /* Demo4ViewController.swift in Sources */,
				841BF4C12298203400AC38A1 /* Demo2ViewController.swift in Sources */,
				849568272281CEE700D46A6C /* CVMultiplierTarget.swift in Sources */,
				8495688A2290F8B800D46A6C /* CVConstraintMakerEditable.swift in Sources */,
				841BF4C3229820DE00AC38A1 /* Demo3ViewController.swift in Sources */,
				849568372287B59500D46A6C /* CVLayout.swift in Sources */,
				8495687F22903F2800D46A6C /* CVConstraintViewDSL.swift in Sources */,
				8495683D2288683200D46A6C /* CVConstraintPriority.swift in Sources */,
				8495683522872E7C00D46A6C /* CVConstantTarget.swift in Sources */,
				8495682C2286FF7C00D46A6C /* CVConstraintView.swift in Sources */,
				8495681D2281B9D100D46A6C /* CVConstraintMaker.swift in Sources */,
				8495683B2288647E00D46A6C /* CVInsetTarget.swift in Sources */,
			);
			runOnlyForDeploymentPostprocessing = 0;
		};
/* End PBXSourcesBuildPhase section */

/* Begin PBXVariantGroup section */
		849568082281B1E300D46A6C /* Main.storyboard */ = {
			isa = PBXVariantGroup;
			children = (
				849568092281B1E300D46A6C /* Base */,
			);
			name = Main.storyboard;
			sourceTree = "<group>";
		};
		8495680D2281B1E300D46A6C /* LaunchScreen.storyboard */ = {
			isa = PBXVariantGroup;
			children = (
				8495680E2281B1E300D46A6C /* Base */,
			);
			name = LaunchScreen.storyboard;
			sourceTree = "<group>";
		};
/* End PBXVariantGroup section */

/* Begin XCBuildConfiguration section */
		849568112281B1E300D46A6C /* Debug */ = {
			isa = XCBuildConfiguration;
			buildSettings = {
				ALWAYS_SEARCH_USER_PATHS = NO;
				CLANG_ANALYZER_NONNULL = YES;
				CLANG_ANALYZER_NUMBER_OBJECT_CONVERSION = YES_AGGRESSIVE;
				CLANG_CXX_LANGUAGE_STANDARD = "gnu++14";
				CLANG_CXX_LIBRARY = "libc++";
				CLANG_ENABLE_MODULES = YES;
				CLANG_ENABLE_OBJC_ARC = YES;
				CLANG_ENABLE_OBJC_WEAK = YES;
				CLANG_WARN_BLOCK_CAPTURE_AUTORELEASING = YES;
				CLANG_WARN_BOOL_CONVERSION = YES;
				CLANG_WARN_COMMA = YES;
				CLANG_WARN_CONSTANT_CONVERSION = YES;
				CLANG_WARN_DEPRECATED_OBJC_IMPLEMENTATIONS = YES;
				CLANG_WARN_DIRECT_OBJC_ISA_USAGE = YES_ERROR;
				CLANG_WARN_DOCUMENTATION_COMMENTS = YES;
				CLANG_WARN_EMPTY_BODY = YES;
				CLANG_WARN_ENUM_CONVERSION = YES;
				CLANG_WARN_INFINITE_RECURSION = YES;
				CLANG_WARN_INT_CONVERSION = YES;
				CLANG_WARN_NON_LITERAL_NULL_CONVERSION = YES;
				CLANG_WARN_OBJC_IMPLICIT_RETAIN_SELF = YES;
				CLANG_WARN_OBJC_LITERAL_CONVERSION = YES;
				CLANG_WARN_OBJC_ROOT_CLASS = YES_ERROR;
				CLANG_WARN_RANGE_LOOP_ANALYSIS = YES;
				CLANG_WARN_STRICT_PROTOTYPES = YES;
				CLANG_WARN_SUSPICIOUS_MOVE = YES;
				CLANG_WARN_UNGUARDED_AVAILABILITY = YES_AGGRESSIVE;
				CLANG_WARN_UNREACHABLE_CODE = YES;
				CLANG_WARN__DUPLICATE_METHOD_MATCH = YES;
				CODE_SIGN_IDENTITY = "iPhone Developer";
				COPY_PHASE_STRIP = NO;
				DEBUG_INFORMATION_FORMAT = dwarf;
				ENABLE_STRICT_OBJC_MSGSEND = YES;
				ENABLE_TESTABILITY = YES;
				GCC_C_LANGUAGE_STANDARD = gnu11;
				GCC_DYNAMIC_NO_PIC = NO;
				GCC_NO_COMMON_BLOCKS = YES;
				GCC_OPTIMIZATION_LEVEL = 0;
				GCC_PREPROCESSOR_DEFINITIONS = (
					"DEBUG=1",
					"$(inherited)",
				);
				GCC_WARN_64_TO_32_BIT_CONVERSION = YES;
				GCC_WARN_ABOUT_RETURN_TYPE = YES_ERROR;
				GCC_WARN_UNDECLARED_SELECTOR = YES;
				GCC_WARN_UNINITIALIZED_AUTOS = YES_AGGRESSIVE;
				GCC_WARN_UNUSED_FUNCTION = YES;
				GCC_WARN_UNUSED_VARIABLE = YES;
				IPHONEOS_DEPLOYMENT_TARGET = 12.2;
				MTL_ENABLE_DEBUG_INFO = INCLUDE_SOURCE;
				MTL_FAST_MATH = YES;
				ONLY_ACTIVE_ARCH = YES;
				SDKROOT = iphoneos;
				SWIFT_ACTIVE_COMPILATION_CONDITIONS = DEBUG;
				SWIFT_OPTIMIZATION_LEVEL = "-Onone";
			};
			name = Debug;
		};
		849568122281B1E300D46A6C /* Release */ = {
			isa = XCBuildConfiguration;
			buildSettings = {
				ALWAYS_SEARCH_USER_PATHS = NO;
				CLANG_ANALYZER_NONNULL = YES;
				CLANG_ANALYZER_NUMBER_OBJECT_CONVERSION = YES_AGGRESSIVE;
				CLANG_CXX_LANGUAGE_STANDARD = "gnu++14";
				CLANG_CXX_LIBRARY = "libc++";
				CLANG_ENABLE_MODULES = YES;
				CLANG_ENABLE_OBJC_ARC = YES;
				CLANG_ENABLE_OBJC_WEAK = YES;
				CLANG_WARN_BLOCK_CAPTURE_AUTORELEASING = YES;
				CLANG_WARN_BOOL_CONVERSION = YES;
				CLANG_WARN_COMMA = YES;
				CLANG_WARN_CONSTANT_CONVERSION = YES;
				CLANG_WARN_DEPRECATED_OBJC_IMPLEMENTATIONS = YES;
				CLANG_WARN_DIRECT_OBJC_ISA_USAGE = YES_ERROR;
				CLANG_WARN_DOCUMENTATION_COMMENTS = YES;
				CLANG_WARN_EMPTY_BODY = YES;
				CLANG_WARN_ENUM_CONVERSION = YES;
				CLANG_WARN_INFINITE_RECURSION = YES;
				CLANG_WARN_INT_CONVERSION = YES;
				CLANG_WARN_NON_LITERAL_NULL_CONVERSION = YES;
				CLANG_WARN_OBJC_IMPLICIT_RETAIN_SELF = YES;
				CLANG_WARN_OBJC_LITERAL_CONVERSION = YES;
				CLANG_WARN_OBJC_ROOT_CLASS = YES_ERROR;
				CLANG_WARN_RANGE_LOOP_ANALYSIS = YES;
				CLANG_WARN_STRICT_PROTOTYPES = YES;
				CLANG_WARN_SUSPICIOUS_MOVE = YES;
				CLANG_WARN_UNGUARDED_AVAILABILITY = YES_AGGRESSIVE;
				CLANG_WARN_UNREACHABLE_CODE = YES;
				CLANG_WARN__DUPLICATE_METHOD_MATCH = YES;
				CODE_SIGN_IDENTITY = "iPhone Developer";
				COPY_PHASE_STRIP = NO;
				DEBUG_INFORMATION_FORMAT = "dwarf-with-dsym";
				ENABLE_NS_ASSERTIONS = NO;
				ENABLE_STRICT_OBJC_MSGSEND = YES;
				GCC_C_LANGUAGE_STANDARD = gnu11;
				GCC_NO_COMMON_BLOCKS = YES;
				GCC_WARN_64_TO_32_BIT_CONVERSION = YES;
				GCC_WARN_ABOUT_RETURN_TYPE = YES_ERROR;
				GCC_WARN_UNDECLARED_SELECTOR = YES;
				GCC_WARN_UNINITIALIZED_AUTOS = YES_AGGRESSIVE;
				GCC_WARN_UNUSED_FUNCTION = YES;
				GCC_WARN_UNUSED_VARIABLE = YES;
				IPHONEOS_DEPLOYMENT_TARGET = 12.2;
				MTL_ENABLE_DEBUG_INFO = NO;
				MTL_FAST_MATH = YES;
				SDKROOT = iphoneos;
				SWIFT_COMPILATION_MODE = wholemodule;
				SWIFT_OPTIMIZATION_LEVEL = "-O";
				VALIDATE_PRODUCT = YES;
			};
			name = Release;
		};
		849568142281B1E300D46A6C /* Debug */ = {
			isa = XCBuildConfiguration;
			buildSettings = {
				ASSETCATALOG_COMPILER_APPICON_NAME = AppIcon;
				CLANG_ENABLE_MODULES = YES;
				CODE_SIGN_STYLE = Automatic;
				INFOPLIST_FILE = CVLayout/Info.plist;
				IPHONEOS_DEPLOYMENT_TARGET = 8.0;
				LD_RUNPATH_SEARCH_PATHS = (
					"$(inherited)",
					"@executable_path/Frameworks",
				);
				PRODUCT_BUNDLE_IDENTIFIER = caventwy.CVLayout;
				PRODUCT_NAME = "$(TARGET_NAME)";
				SWIFT_OPTIMIZATION_LEVEL = "-Onone";
				SWIFT_VERSION = 5.0;
				TARGETED_DEVICE_FAMILY = "1,2";
			};
			name = Debug;
		};
		849568152281B1E300D46A6C /* Release */ = {
			isa = XCBuildConfiguration;
			buildSettings = {
				ASSETCATALOG_COMPILER_APPICON_NAME = AppIcon;
				CLANG_ENABLE_MODULES = YES;
				CODE_SIGN_STYLE = Automatic;
				INFOPLIST_FILE = CVLayout/Info.plist;
				IPHONEOS_DEPLOYMENT_TARGET = 8.0;
				LD_RUNPATH_SEARCH_PATHS = (
					"$(inherited)",
					"@executable_path/Frameworks",
				);
				PRODUCT_BUNDLE_IDENTIFIER = caventwy.CVLayout;
				PRODUCT_NAME = "$(TARGET_NAME)";
				SWIFT_VERSION = 5.0;
				TARGETED_DEVICE_FAMILY = "1,2";
			};
			name = Release;
		};
/* End XCBuildConfiguration section */

/* Begin XCConfigurationList section */
		849567FC2281B1E200D46A6C /* Build configuration list for PBXProject "CVLayout" */ = {
			isa = XCConfigurationList;
			buildConfigurations = (
				849568112281B1E300D46A6C /* Debug */,
				849568122281B1E300D46A6C /* Release */,
			);
			defaultConfigurationIsVisible = 0;
			defaultConfigurationName = Release;
		};
		849568132281B1E300D46A6C /* Build configuration list for PBXNativeTarget "CVLayout" */ = {
			isa = XCConfigurationList;
			buildConfigurations = (
				849568142281B1E300D46A6C /* Debug */,
				849568152281B1E300D46A6C /* Release */,
			);
			defaultConfigurationIsVisible = 0;
			defaultConfigurationName = Release;
		};
/* End XCConfigurationList section */
	};
	rootObject = 849567F92281B1E200D46A6C /* Project object */;
}
